
Microsoft Visual Studio Solution File, Format Version 12.00
# Visual Studio Version 16
VisualStudioVersion = 16.0.32228.343
MinimumVisualStudioVersion = 10.0.40219.1
Project("{F184B08F-C81C-45F6-A57F-5ABD9991F28F}") = "aplication1", "aplication1\aplication1.vbproj", "{7E39793A-B076-43E3-9397-BFD3935C0989}"
EndProject
Global
	GlobalSection(SolutionConfigurationPlatforms) = preSolution
		Debug|Any CPU = Debug|Any CPU
		Release|Any CPU = Release|Any CPU
	EndGlobalSection
	GlobalSection(ProjectConfigurationPlatforms) = postSolution
		{7E39793A-B076-43E3-9397-BFD3935C0989}.Debug|Any CPU.ActiveCfg = Debug|Any CPU
		{7E39793A-B076-43E3-9397-BFD3935C0989}.Debug|Any CPU.Build.0 = Debug|Any CPU
		{7E39793A-B076-43E3-9397-BFD3935C0989}.Release|Any CPU.ActiveCfg = Release|Any CPU
		{7E39793A-B076-43E3-9397-BFD3935C0989}.Release|Any CPU.Build.0 = Release|Any CPU
	EndGlobalSection
	GlobalSection(SolutionProperties) = preSolution
		HideSolutionNode = FALSE
	EndGlobalSection
	GlobalSection(ExtensibilityGlobals) = postSolution
		SolutionGuid = {0B8EA5F7-C2C2-4E8B-87DB-B51C44164BF5}
	EndGlobalSection
EndGlobal
